
Microsoft Visual Studio Solution File, Format Version 12.00
# Visual Studio 15
VisualStudioVersion = 15.0.28307.852
MinimumVisualStudioVersion = 10.0.40219.1
Project("{FAE04EC0-301F-11D3-BF4B-00C04F79EFBC}") = "LogisticManagement", "LogisticManagement\LogisticManagement.csproj", "{22DD2FB8-E906-4E03-A597-2DAA3DC84A1D}"
EndProject
Global
	GlobalSection(SolutionConfigurationPlatforms) = preSolution
		Debug|Any CPU = Debug|Any CPU
		Release|Any CPU = Release|Any CPU
	EndGlobalSection
	GlobalSection(ProjectConfigurationPlatforms) = postSolution
		{22DD2FB8-E906-4E03-A597-2DAA3DC84A1D}.Debug|Any CPU.ActiveCfg = Debug|Any CPU
		{22DD2FB8-E906-4E03-A597-2DAA3DC84A1D}.Debug|Any CPU.Build.0 = Debug|Any CPU
		{22DD2FB8-E906-4E03-A597-2DAA3DC84A1D}.Release|Any CPU.ActiveCfg = Release|Any CPU
		{22DD2FB8-E906-4E03-A597-2DAA3DC84A1D}.Release|Any CPU.Build.0 = Release|Any CPU
	EndGlobalSection
	GlobalSection(SolutionProperties) = preSolution
		HideSolutionNode = FALSE
	EndGlobalSection
	GlobalSection(ExtensibilityGlobals) = postSolution
		SolutionGuid = {1284341B-095F-44B9-8180-4A606EED7588}
	EndGlobalSection
EndGlobal
